
Microsoft Visual Studio Solution File, Format Version 12.00
# Visual Studio Version 16
VisualStudioVersion = 16.0.31424.327
MinimumVisualStudioVersion = 10.0.40219.1
Project("{2150E333-8FDC-42A3-9474-1A3956D46DE8}") = "Services", "Services", "{25E71CC3-133F-46E4-ADAB-0669A4B7C4B1}"
EndProject
Project("{2150E333-8FDC-42A3-9474-1A3956D46DE8}") = "Payment", "Payment", "{66079869-75D1-40AF-A672-18390CECB84C}"
EndProject
Project("{2150E333-8FDC-42A3-9474-1A3956D46DE8}") = "Tests", "Tests", "{363A2C60-833C-4D1E-A6E8-60BC872798C5}"
EndProject
Project("{9A19103F-16F7-4668-BE54-9A1E7A4F7556}") = "PaymentAPI", "Services\Payment\PaymentAPI\PaymentAPI.csproj", "{24E262BD-8CE6-4EA8-8365-1A703E5FE447}"
EndProject
Project("{2150E333-8FDC-42A3-9474-1A3956D46DE8}") = "Api", "Api", "{8A1F0A3C-6A5B-4006-8D55-2B58D77A4A1D}"
EndProject
Project("{9A19103F-16F7-4668-BE54-9A1E7A4F7556}") = "PaymentApiTest", "Services\Payment\Tests\PaymentApiTest\PaymentApiTest.csproj", "{A87FC432-3260-47D3-AF6C-68864474C8A5}"
EndProject
Project("{2150E333-8FDC-42A3-9474-1A3956D46DE8}") = "Core", "Core", "{B4C23CAF-4BCD-4D22-AF2D-51C204B9B3A2}"
EndProject
Project("{2150E333-8FDC-42A3-9474-1A3956D46DE8}") = "Aplication", "Aplication", "{CFF531BA-28BD-456C-A07B-739DA149ADA1}"
EndProject
Project("{2150E333-8FDC-42A3-9474-1A3956D46DE8}") = "Domain", "Domain", "{B7FF84E1-1F28-4773-88B0-87641D0F6192}"
EndProject
Project("{2150E333-8FDC-42A3-9474-1A3956D46DE8}") = "Infrastructure", "Infrastructure", "{20E641E3-6705-4EED-8E73-7D9B4E16A8D2}"
EndProject
Project("{9A19103F-16F7-4668-BE54-9A1E7A4F7556}") = "Payment.Core.Application", "Services\Payment\Core\Application\Payment.Core.Application\Payment.Core.Application.csproj", "{425AFA80-5044-45FE-9205-405DD2F260DA}"
EndProject
Project("{9A19103F-16F7-4668-BE54-9A1E7A4F7556}") = "Payment.Core.Domain", "Services\Payment\Core\Domain\Payment.Core.Domain\Payment.Core.Domain.csproj", "{0B4F3BC0-D2D3-4CF4-9F7C-FE48C983B3ED}"
EndProject
Project("{9A19103F-16F7-4668-BE54-9A1E7A4F7556}") = "Payment.Infrastructure", "Services\Payment\Infrastructure\Payment.Infrastructure\Payment.Infrastructure.csproj", "{6B25024F-715E-475D-ACF0-5D6CE329A36B}"
EndProject
Global
	GlobalSection(SolutionConfigurationPlatforms) = preSolution
		Debug|Any CPU = Debug|Any CPU
		Release|Any CPU = Release|Any CPU
	EndGlobalSection
	GlobalSection(ProjectConfigurationPlatforms) = postSolution
		{24E262BD-8CE6-4EA8-8365-1A703E5FE447}.Debug|Any CPU.ActiveCfg = Debug|Any CPU
		{24E262BD-8CE6-4EA8-8365-1A703E5FE447}.Debug|Any CPU.Build.0 = Debug|Any CPU
		{24E262BD-8CE6-4EA8-8365-1A703E5FE447}.Release|Any CPU.ActiveCfg = Release|Any CPU
		{24E262BD-8CE6-4EA8-8365-1A703E5FE447}.Release|Any CPU.Build.0 = Release|Any CPU
		{A87FC432-3260-47D3-AF6C-68864474C8A5}.Debug|Any CPU.ActiveCfg = Debug|Any CPU
		{A87FC432-3260-47D3-AF6C-68864474C8A5}.Debug|Any CPU.Build.0 = Debug|Any CPU
		{A87FC432-3260-47D3-AF6C-68864474C8A5}.Release|Any CPU.ActiveCfg = Release|Any CPU
		{A87FC432-3260-47D3-AF6C-68864474C8A5}.Release|Any CPU.Build.0 = Release|Any CPU
		{425AFA80-5044-45FE-9205-405DD2F260DA}.Debug|Any CPU.ActiveCfg = Debug|Any CPU
		{425AFA80-5044-45FE-9205-405DD2F260DA}.Debug|Any CPU.Build.0 = Debug|Any CPU
		{425AFA80-5044-45FE-9205-405DD2F260DA}.Release|Any CPU.ActiveCfg = Release|Any CPU
		{425AFA80-5044-45FE-9205-405DD2F260DA}.Release|Any CPU.Build.0 = Release|Any CPU
		{0B4F3BC0-D2D3-4CF4-9F7C-FE48C983B3ED}.Debug|Any CPU.ActiveCfg = Debug|Any CPU
		{0B4F3BC0-D2D3-4CF4-9F7C-FE48C983B3ED}.Debug|Any CPU.Build.0 = Debug|Any CPU
		{0B4F3BC0-D2D3-4CF4-9F7C-FE48C983B3ED}.Release|Any CPU.ActiveCfg = Release|Any CPU
		{0B4F3BC0-D2D3-4CF4-9F7C-FE48C983B3ED}.Release|Any CPU.Build.0 = Release|Any CPU
		{6B25024F-715E-475D-ACF0-5D6CE329A36B}.Debug|Any CPU.ActiveCfg = Debug|Any CPU
		{6B25024F-715E-475D-ACF0-5D6CE329A36B}.Debug|Any CPU.Build.0 = Debug|Any CPU
		{6B25024F-715E-475D-ACF0-5D6CE329A36B}.Release|Any CPU.ActiveCfg = Release|Any CPU
		{6B25024F-715E-475D-ACF0-5D6CE329A36B}.Release|Any CPU.Build.0 = Release|Any CPU
	EndGlobalSection
	GlobalSection(SolutionProperties) = preSolution
		HideSolutionNode = FALSE
	EndGlobalSection
	GlobalSection(NestedProjects) = preSolution
		{66079869-75D1-40AF-A672-18390CECB84C} = {25E71CC3-133F-46E4-ADAB-0669A4B7C4B1}
		{363A2C60-833C-4D1E-A6E8-60BC872798C5} = {66079869-75D1-40AF-A672-18390CECB84C}
		{24E262BD-8CE6-4EA8-8365-1A703E5FE447} = {8A1F0A3C-6A5B-4006-8D55-2B58D77A4A1D}
		{8A1F0A3C-6A5B-4006-8D55-2B58D77A4A1D} = {66079869-75D1-40AF-A672-18390CECB84C}
		{A87FC432-3260-47D3-AF6C-68864474C8A5} = {363A2C60-833C-4D1E-A6E8-60BC872798C5}
		{B4C23CAF-4BCD-4D22-AF2D-51C204B9B3A2} = {66079869-75D1-40AF-A672-18390CECB84C}
		{CFF531BA-28BD-456C-A07B-739DA149ADA1} = {B4C23CAF-4BCD-4D22-AF2D-51C204B9B3A2}
		{B7FF84E1-1F28-4773-88B0-87641D0F6192} = {B4C23CAF-4BCD-4D22-AF2D-51C204B9B3A2}
		{20E641E3-6705-4EED-8E73-7D9B4E16A8D2} = {66079869-75D1-40AF-A672-18390CECB84C}
		{425AFA80-5044-45FE-9205-405DD2F260DA} = {CFF531BA-28BD-456C-A07B-739DA149ADA1}
		{0B4F3BC0-D2D3-4CF4-9F7C-FE48C983B3ED} = {B7FF84E1-1F28-4773-88B0-87641D0F6192}
		{6B25024F-715E-475D-ACF0-5D6CE329A36B} = {20E641E3-6705-4EED-8E73-7D9B4E16A8D2}
	EndGlobalSection
	GlobalSection(ExtensibilityGlobals) = postSolution
		SolutionGuid = {1D122737-31E5-4215-B9EB-30F7A60A5F6F}
	EndGlobalSection
EndGlobal
